{
    "_readme": [
        "This file locks the dependencies of your project to a known state",
        "Read more about it at https://getcomposer.org/doc/01-basic-usage.md#installing-dependencies",
        "This file is @generated automatically"
    ],
    "content-hash": "d2d1ecd87c1c7225f144791e893f7222",
    "packages": [
        {
            "name": "james-heinrich/getid3",
            "version": "dev-master",
            "source": {
                "type": "git",
                "url": "https://github.com/JamesHeinrich/getID3.git",
                "reference": "eb358a0d4943c0cc23e783f1a72141f46153c13a"
            },
            "dist": {
                "type": "zip",
                "url": "https://api.github.com/repos/JamesHeinrich/getID3/zipball/eb358a0d4943c0cc23e783f1a72141f46153c13a",
                "reference": "eb358a0d4943c0cc23e783f1a72141f46153c13a",
                "shasum": ""
            },
            "require": {
                "php": ">=5.3.0"
            },
            "require-dev": {
                "php-parallel-lint/php-parallel-lint": "^1.0"
            },
            "suggest": {
                "ext-SimpleXML": "SimpleXML extension is required to analyze RIFF/WAV/BWF audio files (also requires `ext-libxml`).",
                "ext-com_dotnet": "COM extension is required when loading files larger than 2GB on Windows.",
                "ext-ctype": "ctype extension is required when loading files larger than 2GB on 32-bit PHP (also on 64-bit PHP on Windows) or executing `getid3_lib::CopyTagsToComments`.",
                "ext-dba": "DBA extension is required to use the DBA database as a cache storage.",
                "ext-exif": "EXIF extension is required for graphic modules.",
                "ext-iconv": "iconv extension is required to work with different character sets (when `ext-mbstring` is not available).",
                "ext-json": "JSON extension is required to analyze Apple Quicktime videos.",
                "ext-libxml": "libxml extension is required to analyze RIFF/WAV/BWF audio files.",
                "ext-mbstring": "mbstring extension is required to work with different character sets.",
                "ext-mysql": "MySQL extension is required to use the MySQL database as a cache storage (deprecated in PHP 5.5, removed in PHP >= 7.0, use `ext-mysqli` instead).",
                "ext-mysqli": "MySQLi extension is required to use the MySQL database as a cache storage.",
                "ext-rar": "RAR extension is required for RAR archive module.",
                "ext-sqlite3": "SQLite3 extension is required to use the SQLite3 database as a cache storage.",
                "ext-xml": "XML extension is required for graphic modules to analyze the XML metadata.",
                "ext-zlib": "Zlib extension is required for archive modules and compressed metadata."
            },
            "default-branch": true,
            "type": "library",
            "extra": {
                "branch-alias": {
                    "dev-master": "1.9.x-dev"
                }
            },
            "autoload": {
                "classmap": [
                    "getid3/"
                ]
            },
            "notification-url": "https://packagist.org/downloads/",
            "license": [
                "GPL-1.0-or-later",
                "LGPL-3.0-only",
                "MPL-2.0"
            ],
            "description": "PHP script that extracts useful information from popular multimedia file formats",
            "homepage": "https://www.getid3.org/",
            "keywords": [
                "codecs",
                "php",
                "tags"
            ],
            "support": {
                "issues": "https://github.com/JamesHeinrich/getID3/issues",
                "source": "https://github.com/JamesHeinrich/getID3/tree/master"
            },
            "time": "2024-09-20T19:45:51+00:00"
        },
        {
            "name": "league/color-extractor",
            "version": "0.4.0",
            "source": {
                "type": "git",
                "url": "https://github.com/thephpleague/color-extractor.git",
                "reference": "21fcac6249c5ef7d00eb83e128743ee6678fe505"
            },
            "dist": {
                "type": "zip",
                "url": "https://api.github.com/repos/thephpleague/color-extractor/zipball/21fcac6249c5ef7d00eb83e128743ee6678fe505",
                "reference": "21fcac6249c5ef7d00eb83e128743ee6678fe505",
                "shasum": ""
            },
            "require": {
                "ext-gd": "*",
                "php": "^7.3 || ^8.0"
            },
            "replace": {
                "matthecat/colorextractor": "*"
            },
            "require-dev": {
                "friendsofphp/php-cs-fixer": "~2",
                "phpunit/phpunit": "^9.5"
            },
            "suggest": {
                "ext-curl": "To download images from remote URLs if allow_url_fopen is disabled for security reasons"
            },
            "type": "library",
            "autoload": {
                "psr-4": {
                    "League\\ColorExtractor\\": "src"
                }
            },
            "notification-url": "https://packagist.org/downloads/",
            "license": [
                "MIT"
            ],
            "authors": [
                {
                    "name": "Mathieu Lechat",
                    "email": "math.lechat@gmail.com",
                    "homepage": "http://matthecat.com",
                    "role": "Developer"
                }
            ],
            "description": "Extract colors from an image as a human would do.",
            "homepage": "https://github.com/thephpleague/color-extractor",
            "keywords": [
                "color",
                "extract",
                "human",
                "image",
                "palette"
            ],
            "support": {
                "issues": "https://github.com/thephpleague/color-extractor/issues",
                "source": "https://github.com/thephpleague/color-extractor/tree/0.4.0"
            },
            "time": "2022-09-24T15:57:16+00:00"
        },
        {
            "name": "twbs/bootstrap-icons",
            "version": "v1.11.3",
            "source": {
                "type": "git",
                "url": "https://github.com/twbs/icons.git",
                "reference": "8d88686c03c3768a2d82ba4f20c3c4e1b100fa29"
            },
            "dist": {
                "type": "zip",
                "url": "https://api.github.com/repos/twbs/icons/zipball/8d88686c03c3768a2d82ba4f20c3c4e1b100fa29",
                "reference": "8d88686c03c3768a2d82ba4f20c3c4e1b100fa29",
                "shasum": ""
            },
            "type": "library",
            "notification-url": "https://packagist.org/downloads/",
            "license": [
                "MIT"
            ],
            "authors": [
                {
                    "name": "Mark Otto",
                    "email": "markdotto@gmail.com"
                }
            ],
            "description": "Official open source SVG icon library for Bootstrap",
            "homepage": "https://icons.getbootstrap.com/",
            "keywords": [
                "bootstrap",
                "icon font",
                "icons",
                "svg"
            ],
            "support": {
                "issues": "https://github.com/twbs/icons/issues",
                "source": "https://github.com/twbs/icons/tree/v1.11.3"
            },
            "time": "2024-01-03T15:44:45+00:00"
        },
        {
            "name": "yonis-savary/sharp",
            "version": "dev-main",
            "source": {
                "type": "git",
                "url": "https://github.com/yonis-savary/sharp.git",
                "reference": "495ccb364ed5918297dbc84549a075628c90e924"
            },
            "dist": {
                "type": "zip",
                "url": "https://api.github.com/repos/yonis-savary/sharp/zipball/495ccb364ed5918297dbc84549a075628c90e924",
                "reference": "495ccb364ed5918297dbc84549a075628c90e924",
                "shasum": ""
            },
            "require": {
                "php": ">=8.0.0"
            },
            "require-dev": {
                "phpunit/phpunit": "^10.0"
            },
            "default-branch": true,
            "type": "library",
            "autoload": {
                "files": [
                    "src/bootstrap.php"
                ],
                "psr-4": {
                    "YonisSavary\\Sharp\\": "src/",
                    "YonisSavary\\Sharp\\Tests\\": "tests/"
                }
            },
            "notification-url": "https://packagist.org/downloads/",
            "license": [
                "MIT"
            ],
            "authors": [
                {
                    "name": "yonis-savary",
                    "email": "yonissavary@outlook.fr"
                }
            ],
            "description": "Simple yet complete PHP8 Framework",
            "homepage": "https://github.com/yonis-savary/sharp",
            "keywords": [
                "framework",
                "library",
                "mvc",
                "php8"
            ],
            "support": {
                "issues": "https://github.com/yonis-savary/sharp/issues",
                "source": "https://github.com/yonis-savary/sharp/tree/main"
            },
            "time": "2024-10-11T09:49:39+00:00"
        },
        {
            "name": "yonis-savary/sharp-extensions",
            "version": "dev-main",
            "source": {
                "type": "git",
                "url": "https://github.com/yonis-savary/sharp-extensions.git",
                "reference": "93fbe3b4df2768cefc4bd4e194a531934ce6b567"
            },
            "dist": {
                "type": "zip",
                "url": "https://api.github.com/repos/yonis-savary/sharp-extensions/zipball/93fbe3b4df2768cefc4bd4e194a531934ce6b567",
                "reference": "93fbe3b4df2768cefc4bd4e194a531934ce6b567",
                "shasum": ""
            },
            "require": {
                "twbs/bootstrap-icons": "1.11.3",
                "yonis-savary/sharp": "dev-main"
            },
            "require-dev": {
                "phpunit/phpunit": "^12.0@dev"
            },
            "default-branch": true,
            "type": "library",
            "autoload": {
                "files": [
                    "src/bootstrap.php"
                ],
                "psr-4": {
                    "YonisSavary\\Sharp\\Extensions\\": "src/",
                    "YonisSavary\\Sharp\\Extensions\\Tests\\": "tests/"
                }
            },
            "notification-url": "https://packagist.org/downloads/",
            "license": [
                "MIT"
            ],
            "authors": [
                {
                    "name": "yonis-savary",
                    "email": "yonissavary@outlook.fr"
                }
            ],
            "description": "Extensions set for yonis-savary/sharp",
            "homepage": "https://github.com/yonis-savary/sharp-extensions",
            "support": {
                "issues": "https://github.com/yonis-savary/sharp-extensions/issues",
                "source": "https://github.com/yonis-savary/sharp-extensions/tree/main"
            },
            "time": "2024-10-11T10:03:03+00:00"
        }
    ],
    "packages-dev": [],
    "aliases": [],
    "minimum-stability": "dev",
    "stability-flags": {
        "yonis-savary/sharp": 20,
        "yonis-savary/sharp-extensions": 20
    },
    "prefer-stable": false,
    "prefer-lowest": false,
    "platform": [],
    "platform-dev": [],
    "plugin-api-version": "2.6.0"
}
