{
  "requires": true,
  "lockfileVersion": 1,
  "dependencies": {
    "@yonis-savary/frontend-utils": {
      "version": "0.0.8",
      "resolved": "https://registry.npmjs.org/@yonis-savary/frontend-utils/-/frontend-utils-0.0.8.tgz",
      "integrity": "sha512-w/O+GxWA7btcOlUfsZw5MtVjnExC6D6+fwCArqJODYNTZajWzNb0is5Wos2XbyKH7x2XpNRd+m5G5WGAGfkp6g=="
    }
  }
}
